{
    "_meta": {
        "hash": {
            "sha256": "485cadd202cdfd2d3f829cb462323828cc7b6fcf2ab922bcd461ff3a5814d63c"
        },
        "pipfile-spec": 6,
        "requires": {
            "python_version": "3.10"
        },
        "sources": [
            {
                "name": "pypi",
                "url": "https://pypi.org/simple",
                "verify_ssl": true
            }
        ]
    },
    "default": {
        "mutagen": {
            "hashes": [
                "sha256:6397602efb3c2d7baebd2166ed85731ae1c1d475abca22090b7141ff5034b3e1",
                "sha256:9c9f243fcec7f410f138cb12c21c84c64fde4195481a30c9bfb05b5f003adfed"
            ],
            "index": "pypi",
            "version": "==1.45.1"
        }
    },
    "develop": {}
}
